
Microsoft Visual Studio Solution File, Format Version 12.00
# Visual Studio Version 16
VisualStudioVersion = 16.0.31129.286
MinimumVisualStudioVersion = 10.0.40219.1
Project("{8BC9CEB8-8B4A-11D0-8D11-00A0C91BC942}") = "字符串、字符、内存、内存操作函数使用和剖析", "字符串、字符、内存、内存操作函数使用和剖析\字符串、字符、内存、内存操作函数使用和剖析.vcxproj", "{2F1180F4-189A-49C6-B47F-E800A2C2FEF2}"
EndProject
Global
	GlobalSection(SolutionConfigurationPlatforms) = preSolution
		Debug|x64 = Debug|x64
		Debug|x86 = Debug|x86
		Release|x64 = Release|x64
		Release|x86 = Release|x86
	EndGlobalSection
	GlobalSection(ProjectConfigurationPlatforms) = postSolution
		{2F1180F4-189A-49C6-B47F-E800A2C2FEF2}.Debug|x64.ActiveCfg = Debug|x64
		{2F1180F4-189A-49C6-B47F-E800A2C2FEF2}.Debug|x64.Build.0 = Debug|x64
		{2F1180F4-189A-49C6-B47F-E800A2C2FEF2}.Debug|x86.ActiveCfg = Debug|Win32
		{2F1180F4-189A-49C6-B47F-E800A2C2FEF2}.Debug|x86.Build.0 = Debug|Win32
		{2F1180F4-189A-49C6-B47F-E800A2C2FEF2}.Release|x64.ActiveCfg = Release|x64
		{2F1180F4-189A-49C6-B47F-E800A2C2FEF2}.Release|x64.Build.0 = Release|x64
		{2F1180F4-189A-49C6-B47F-E800A2C2FEF2}.Release|x86.ActiveCfg = Release|Win32
		{2F1180F4-189A-49C6-B47F-E800A2C2FEF2}.Release|x86.Build.0 = Release|Win32
	EndGlobalSection
	GlobalSection(SolutionProperties) = preSolution
		HideSolutionNode = FALSE
	EndGlobalSection
	GlobalSection(ExtensibilityGlobals) = postSolution
		SolutionGuid = {7117A31E-F1A8-429D-9D82-13336BF5C282}
	EndGlobalSection
EndGlobal
